
Microsoft Visual Studio Solution File, Format Version 12.00
# Visual Studio 14
VisualStudioVersion = 14.0.25123.0
MinimumVisualStudioVersion = 10.0.40219.1
Project("{FAE04EC0-301F-11D3-BF4B-00C04F79EFBC}") = "Iab330Ass1", "Iab330Ass1\Iab330Ass1.csproj", "{CFC4B000-37F6-4D39-ACF9-9EF39897146B}"
EndProject
Global
	GlobalSection(SolutionConfigurationPlatforms) = preSolution
		Debug|Any CPU = Debug|Any CPU
		Release|Any CPU = Release|Any CPU
	EndGlobalSection
	GlobalSection(ProjectConfigurationPlatforms) = postSolution
		{CFC4B000-37F6-4D39-ACF9-9EF39897146B}.Debug|Any CPU.ActiveCfg = Debug|Any CPU
		{CFC4B000-37F6-4D39-ACF9-9EF39897146B}.Debug|Any CPU.Build.0 = Debug|Any CPU
		{CFC4B000-37F6-4D39-ACF9-9EF39897146B}.Debug|Any CPU.Deploy.0 = Debug|Any CPU
		{CFC4B000-37F6-4D39-ACF9-9EF39897146B}.Release|Any CPU.ActiveCfg = Release|Any CPU
		{CFC4B000-37F6-4D39-ACF9-9EF39897146B}.Release|Any CPU.Build.0 = Release|Any CPU
		{CFC4B000-37F6-4D39-ACF9-9EF39897146B}.Release|Any CPU.Deploy.0 = Release|Any CPU
	EndGlobalSection
	GlobalSection(SolutionProperties) = preSolution
		HideSolutionNode = FALSE
	EndGlobalSection
EndGlobal
